
Microsoft Visual Studio Solution File, Format Version 12.00
# Visual Studio 15
Project("{FAE04EC0-301F-11D3-BF4B-00C04F79EFBC}") = "Unity.2D.Animation.Samples.Runtime", "Unity.2D.Animation.Samples.Runtime.csproj", "{32CB0621-51E7-DCFA-DFF8-133686606AF3}"
EndProject
Project("{FAE04EC0-301F-11D3-BF4B-00C04F79EFBC}") = "Unity.2D.Animation.Samples.Dependency", "Unity.2D.Animation.Samples.Dependency.csproj", "{B7809FA7-0032-ED2B-B42B-6744BE0EB88A}"
EndProject
Project("{FAE04EC0-301F-11D3-BF4B-00C04F79EFBC}") = "Assembly-CSharp", "Assembly-CSharp.csproj", "{87FE7103-EF72-5B5C-1C05-57B07995156B}"
EndProject
Project("{FAE04EC0-301F-11D3-BF4B-00C04F79EFBC}") = "Unity.2D.Animation.Samples.Editor", "Unity.2D.Animation.Samples.Editor.csproj", "{E1F3720D-7F41-4F8F-9152-5EE103207CC3}"
EndProject
Global
	GlobalSection(SolutionConfigurationPlatforms) = preSolution
		Debug|Any CPU = Debug|Any CPU
		Release|Any CPU = Release|Any CPU
	EndGlobalSection
	GlobalSection(ProjectConfigurationPlatforms) = postSolution
		{32CB0621-51E7-DCFA-DFF8-133686606AF3}.Debug|Any CPU.ActiveCfg = Debug|Any CPU
		{32CB0621-51E7-DCFA-DFF8-133686606AF3}.Debug|Any CPU.Build.0 = Debug|Any CPU
		{32CB0621-51E7-DCFA-DFF8-133686606AF3}.Release|Any CPU.ActiveCfg = Release|Any CPU
		{32CB0621-51E7-DCFA-DFF8-133686606AF3}.Release|Any CPU.Build.0 = Release|Any CPU
		{B7809FA7-0032-ED2B-B42B-6744BE0EB88A}.Debug|Any CPU.ActiveCfg = Debug|Any CPU
		{B7809FA7-0032-ED2B-B42B-6744BE0EB88A}.Debug|Any CPU.Build.0 = Debug|Any CPU
		{B7809FA7-0032-ED2B-B42B-6744BE0EB88A}.Release|Any CPU.ActiveCfg = Release|Any CPU
		{B7809FA7-0032-ED2B-B42B-6744BE0EB88A}.Release|Any CPU.Build.0 = Release|Any CPU
		{87FE7103-EF72-5B5C-1C05-57B07995156B}.Debug|Any CPU.ActiveCfg = Debug|Any CPU
		{87FE7103-EF72-5B5C-1C05-57B07995156B}.Debug|Any CPU.Build.0 = Debug|Any CPU
		{87FE7103-EF72-5B5C-1C05-57B07995156B}.Release|Any CPU.ActiveCfg = Release|Any CPU
		{87FE7103-EF72-5B5C-1C05-57B07995156B}.Release|Any CPU.Build.0 = Release|Any CPU
		{E1F3720D-7F41-4F8F-9152-5EE103207CC3}.Debug|Any CPU.ActiveCfg = Debug|Any CPU
		{E1F3720D-7F41-4F8F-9152-5EE103207CC3}.Debug|Any CPU.Build.0 = Debug|Any CPU
		{E1F3720D-7F41-4F8F-9152-5EE103207CC3}.Release|Any CPU.ActiveCfg = Release|Any CPU
		{E1F3720D-7F41-4F8F-9152-5EE103207CC3}.Release|Any CPU.Build.0 = Release|Any CPU
	EndGlobalSection
	GlobalSection(SolutionProperties) = preSolution
		HideSolutionNode = FALSE
	EndGlobalSection
EndGlobal
